// !$*UTF8*$!
{
	archiveVersion = 1;
	classes = {
	};
	objectVersion = 55;
	objects = {

/* Begin PBXBuildFile section */
		990689BD269ED671002DB992 /* TextDialog.swift in Sources */ = {isa = PBXBuildFile; fileRef = 990689BC269ED671002DB992 /* TextDialog.swift */; };
		99512A1726BBE766004C1C7C /* FileDirectoryUtils.swift in Sources */ = {isa = PBXBuildFile; fileRef = 99512A1626BBE766004C1C7C /* FileDirectoryUtils.swift */; };
		99BE7FE226BC2D3300FFE7FC /* DescriptionFile in Frameworks */ = {isa = PBXBuildFile; productRef = 99BE7FE126BC2D3300FFE7FC /* DescriptionFile */; };
		99D69151269D7269008C1A99 /* Files in Frameworks */ = {isa = PBXBuildFile; productRef = 99D69150269D7269008C1A99 /* Files */; };
		99D69154269D7277008C1A99 /* ANSITerminal in Frameworks */ = {isa = PBXBuildFile; productRef = 99D69153269D7277008C1A99 /* ANSITerminal */; };
		99D69157269D7310008C1A99 /* ArgumentParser in Frameworks */ = {isa = PBXBuildFile; productRef = 99D69156269D7310008C1A99 /* ArgumentParser */; };
		99D69159269D73EB008C1A99 /* fdir.swift in Sources */ = {isa = PBXBuildFile; fileRef = 99D69158269D73EB008C1A99 /* fdir.swift */; };
/* End PBXBuildFile section */

/* Begin PBXCopyFilesBuildPhase section */
		99D69143269D71F7008C1A99 /* CopyFiles */ = {
			isa = PBXCopyFilesBuildPhase;
			buildActionMask = 2147483647;
			dstPath = /usr/share/man/man1/;
			dstSubfolderSpec = 0;
			files = (
			);
			runOnlyForDeploymentPostprocessing = 1;
		};
/* End PBXCopyFilesBuildPhase section */

/* Begin PBXFileReference section */
		990689BC269ED671002DB992 /* TextDialog.swift */ = {isa = PBXFileReference; lastKnownFileType = sourcecode.swift; path = TextDialog.swift; sourceTree = "<group>"; };
		99512A1626BBE766004C1C7C /* FileDirectoryUtils.swift */ = {isa = PBXFileReference; lastKnownFileType = sourcecode.swift; path = FileDirectoryUtils.swift; sourceTree = "<group>"; };
		99BE7FDE26BC2C8000FFE7FC /* DescriptionFile */ = {isa = PBXFileReference; lastKnownFileType = folder; path = DescriptionFile; sourceTree = "<group>"; };
		99BE7FE526BC40C200FFE7FC /* LICENSE */ = {isa = PBXFileReference; lastKnownFileType = text; path = LICENSE; sourceTree = "<group>"; };
		99D69145269D71F7008C1A99 /* fdir */ = {isa = PBXFileReference; explicitFileType = "compiled.mach-o.executable"; includeInIndex = 0; path = fdir; sourceTree = BUILT_PRODUCTS_DIR; };
		99D69158269D73EB008C1A99 /* fdir.swift */ = {isa = PBXFileReference; lastKnownFileType = sourcecode.swift; path = fdir.swift; sourceTree = "<group>"; };
		99D6915C269D9AD7008C1A99 /* README.md */ = {isa = PBXFileReference; lastKnownFileType = net.daringfireball.markdown; path = README.md; sourceTree = "<group>"; };
/* End PBXFileReference section */

/* Begin PBXFrameworksBuildPhase section */
		99D69142269D71F7008C1A99 /* Frameworks */ = {
			isa = PBXFrameworksBuildPhase;
			buildActionMask = 2147483647;
			files = (
				99D69157269D7310008C1A99 /* ArgumentParser in Frameworks */,
				99D69151269D7269008C1A99 /* Files in Frameworks */,
				99D69154269D7277008C1A99 /* ANSITerminal in Frameworks */,
				99BE7FE226BC2D3300FFE7FC /* DescriptionFile in Frameworks */,
			);
			runOnlyForDeploymentPostprocessing = 0;
		};
/* End PBXFrameworksBuildPhase section */

/* Begin PBXGroup section */
		9956AED526BC23D20025766F /* Packages */ = {
			isa = PBXGroup;
			children = (
				99BE7FDE26BC2C8000FFE7FC /* DescriptionFile */,
			);
			name = Packages;
			sourceTree = "<group>";
		};
		99D6913C269D71F7008C1A99 = {
			isa = PBXGroup;
			children = (
				99BE7FE526BC40C200FFE7FC /* LICENSE */,
				9956AED526BC23D20025766F /* Packages */,
				99D6915C269D9AD7008C1A99 /* README.md */,
				99D69147269D71F7008C1A99 /* fdir */,
				99D69146269D71F7008C1A99 /* Products */,
			);
			sourceTree = "<group>";
		};
		99D69146269D71F7008C1A99 /* Products */ = {
			isa = PBXGroup;
			children = (
				99D69145269D71F7008C1A99 /* fdir */,
			);
			name = Products;
			sourceTree = "<group>";
		};
		99D69147269D71F7008C1A99 /* fdir */ = {
			isa = PBXGroup;
			children = (
				99D69158269D73EB008C1A99 /* fdir.swift */,
				990689BC269ED671002DB992 /* TextDialog.swift */,
				99512A1626BBE766004C1C7C /* FileDirectoryUtils.swift */,
			);
			path = fdir;
			sourceTree = "<group>";
		};
/* End PBXGroup section */

/* Begin PBXNativeTarget section */
		99D69144269D71F7008C1A99 /* fdir */ = {
			isa = PBXNativeTarget;
			buildConfigurationList = 99D6914C269D71F7008C1A99 /* Build configuration list for PBXNativeTarget "fdir" */;
			buildPhases = (
				99D69141269D71F7008C1A99 /* Sources */,
				99D69142269D71F7008C1A99 /* Frameworks */,
				99D69143269D71F7008C1A99 /* CopyFiles */,
			);
			buildRules = (
			);
			dependencies = (
				99BE7FE426BC2F5B00FFE7FC /* PBXTargetDependency */,
			);
			name = fdir;
			packageProductDependencies = (
				99D69150269D7269008C1A99 /* Files */,
				99D69153269D7277008C1A99 /* ANSITerminal */,
				99D69156269D7310008C1A99 /* ArgumentParser */,
				99BE7FE126BC2D3300FFE7FC /* DescriptionFile */,
			);
			productName = fdir;
			productReference = 99D69145269D71F7008C1A99 /* fdir */;
			productType = "com.apple.product-type.tool";
		};
/* End PBXNativeTarget section */

/* Begin PBXProject section */
		99D6913D269D71F7008C1A99 /* Project object */ = {
			isa = PBXProject;
			attributes = {
				BuildIndependentTargetsInParallel = 1;
				LastSwiftUpdateCheck = 1300;
				LastUpgradeCheck = 1300;
				TargetAttributes = {
					99D69144269D71F7008C1A99 = {
						CreatedOnToolsVersion = 13.0;
					};
				};
			};
			buildConfigurationList = 99D69140269D71F7008C1A99 /* Build configuration list for PBXProject "fdir" */;
			compatibilityVersion = "Xcode 13.0";
			developmentRegion = en;
			hasScannedForEncodings = 0;
			knownRegions = (
				en,
				Base,
			);
			mainGroup = 99D6913C269D71F7008C1A99;
			packageReferences = (
				99D6914F269D7269008C1A99 /* XCRemoteSwiftPackageReference "Files" */,
				99D69152269D7277008C1A99 /* XCRemoteSwiftPackageReference "ANSITerminal" */,
				99D69155269D7310008C1A99 /* XCRemoteSwiftPackageReference "swift-argument-parser" */,
			);
			productRefGroup = 99D69146269D71F7008C1A99 /* Products */;
			projectDirPath = "";
			projectRoot = "";
			targets = (
				99D69144269D71F7008C1A99 /* fdir */,
			);
		};
/* End PBXProject section */

/* Begin PBXSourcesBuildPhase section */
		99D69141269D71F7008C1A99 /* Sources */ = {
			isa = PBXSourcesBuildPhase;
			buildActionMask = 2147483647;
			files = (
				99512A1726BBE766004C1C7C /* FileDirectoryUtils.swift in Sources */,
				99D69159269D73EB008C1A99 /* fdir.swift in Sources */,
				990689BD269ED671002DB992 /* TextDialog.swift in Sources */,
			);
			runOnlyForDeploymentPostprocessing = 0;
		};
/* End PBXSourcesBuildPhase section */

/* Begin PBXTargetDependency section */
		99BE7FE426BC2F5B00FFE7FC /* PBXTargetDependency */ = {
			isa = PBXTargetDependency;
			productRef = 99BE7FE326BC2F5B00FFE7FC /* DescriptionFile */;
		};
/* End PBXTargetDependency section */

/* Begin XCBuildConfiguration section */
		99D6914A269D71F7008C1A99 /* Debug */ = {
			isa = XCBuildConfiguration;
			buildSettings = {
				ALWAYS_SEARCH_USER_PATHS = NO;
				CLANG_ANALYZER_NONNULL = YES;
				CLANG_ANALYZER_NUMBER_OBJECT_CONVERSION = YES_AGGRESSIVE;
				CLANG_CXX_LANGUAGE_STANDARD = "gnu++14";
				CLANG_CXX_LIBRARY = "libc++";
				CLANG_ENABLE_MODULES = YES;
				CLANG_ENABLE_OBJC_ARC = YES;
				CLANG_ENABLE_OBJC_WEAK = YES;
				CLANG_WARN_BLOCK_CAPTURE_AUTORELEASING = YES;
				CLANG_WARN_BOOL_CONVERSION = YES;
				CLANG_WARN_COMMA = YES;
				CLANG_WARN_CONSTANT_CONVERSION = YES;
				CLANG_WARN_DEPRECATED_OBJC_IMPLEMENTATIONS = YES;
				CLANG_WARN_DIRECT_OBJC_ISA_USAGE = YES_ERROR;
				CLANG_WARN_DOCUMENTATION_COMMENTS = YES;
				CLANG_WARN_EMPTY_BODY = YES;
				CLANG_WARN_ENUM_CONVERSION = YES;
				CLANG_WARN_INFINITE_RECURSION = YES;
				CLANG_WARN_INT_CONVERSION = YES;
				CLANG_WARN_NON_LITERAL_NULL_CONVERSION = YES;
				CLANG_WARN_OBJC_IMPLICIT_RETAIN_SELF = YES;
				CLANG_WARN_OBJC_LITERAL_CONVERSION = YES;
				CLANG_WARN_OBJC_ROOT_CLASS = YES_ERROR;
				CLANG_WARN_QUOTED_INCLUDE_IN_FRAMEWORK_HEADER = YES;
				CLANG_WARN_RANGE_LOOP_ANALYSIS = YES;
				CLANG_WARN_STRICT_PROTOTYPES = YES;
				CLANG_WARN_SUSPICIOUS_MOVE = YES;
				CLANG_WARN_UNGUARDED_AVAILABILITY = YES_AGGRESSIVE;
				CLANG_WARN_UNREACHABLE_CODE = YES;
				CLANG_WARN__DUPLICATE_METHOD_MATCH = YES;
				COPY_PHASE_STRIP = NO;
				DEBUG_INFORMATION_FORMAT = dwarf;
				ENABLE_STRICT_OBJC_MSGSEND = YES;
				ENABLE_TESTABILITY = YES;
				GCC_C_LANGUAGE_STANDARD = gnu11;
				GCC_DYNAMIC_NO_PIC = NO;
				GCC_NO_COMMON_BLOCKS = YES;
				GCC_OPTIMIZATION_LEVEL = 0;
				GCC_PREPROCESSOR_DEFINITIONS = (
					"DEBUG=1",
					"$(inherited)",
				);
				GCC_WARN_64_TO_32_BIT_CONVERSION = YES;
				GCC_WARN_ABOUT_RETURN_TYPE = YES_ERROR;
				GCC_WARN_UNDECLARED_SELECTOR = YES;
				GCC_WARN_UNINITIALIZED_AUTOS = YES_AGGRESSIVE;
				GCC_WARN_UNUSED_FUNCTION = YES;
				GCC_WARN_UNUSED_VARIABLE = YES;
				MACOSX_DEPLOYMENT_TARGET = 11.4;
				MTL_ENABLE_DEBUG_INFO = INCLUDE_SOURCE;
				MTL_FAST_MATH = YES;
				ONLY_ACTIVE_ARCH = YES;
				SDKROOT = macosx;
				SWIFT_ACTIVE_COMPILATION_CONDITIONS = DEBUG;
				SWIFT_OPTIMIZATION_LEVEL = "-Onone";
			};
			name = Debug;
		};
		99D6914B269D71F7008C1A99 /* Release */ = {
			isa = XCBuildConfiguration;
			buildSettings = {
				ALWAYS_SEARCH_USER_PATHS = NO;
				CLANG_ANALYZER_NONNULL = YES;
				CLANG_ANALYZER_NUMBER_OBJECT_CONVERSION = YES_AGGRESSIVE;
				CLANG_CXX_LANGUAGE_STANDARD = "gnu++14";
				CLANG_CXX_LIBRARY = "libc++";
				CLANG_ENABLE_MODULES = YES;
				CLANG_ENABLE_OBJC_ARC = YES;
				CLANG_ENABLE_OBJC_WEAK = YES;
				CLANG_WARN_BLOCK_CAPTURE_AUTORELEASING = YES;
				CLANG_WARN_BOOL_CONVERSION = YES;
				CLANG_WARN_COMMA = YES;
				CLANG_WARN_CONSTANT_CONVERSION = YES;
				CLANG_WARN_DEPRECATED_OBJC_IMPLEMENTATIONS = YES;
				CLANG_WARN_DIRECT_OBJC_ISA_USAGE = YES_ERROR;
				CLANG_WARN_DOCUMENTATION_COMMENTS = YES;
				CLANG_WARN_EMPTY_BODY = YES;
				CLANG_WARN_ENUM_CONVERSION = YES;
				CLANG_WARN_INFINITE_RECURSION = YES;
				CLANG_WARN_INT_CONVERSION = YES;
				CLANG_WARN_NON_LITERAL_NULL_CONVERSION = YES;
				CLANG_WARN_OBJC_IMPLICIT_RETAIN_SELF = YES;
				CLANG_WARN_OBJC_LITERAL_CONVERSION = YES;
				CLANG_WARN_OBJC_ROOT_CLASS = YES_ERROR;
				CLANG_WARN_QUOTED_INCLUDE_IN_FRAMEWORK_HEADER = YES;
				CLANG_WARN_RANGE_LOOP_ANALYSIS = YES;
				CLANG_WARN_STRICT_PROTOTYPES = YES;
				CLANG_WARN_SUSPICIOUS_MOVE = YES;
				CLANG_WARN_UNGUARDED_AVAILABILITY = YES_AGGRESSIVE;
				CLANG_WARN_UNREACHABLE_CODE = YES;
				CLANG_WARN__DUPLICATE_METHOD_MATCH = YES;
				COPY_PHASE_STRIP = NO;
				DEBUG_INFORMATION_FORMAT = "dwarf-with-dsym";
				ENABLE_NS_ASSERTIONS = NO;
				ENABLE_STRICT_OBJC_MSGSEND = YES;
				GCC_C_LANGUAGE_STANDARD = gnu11;
				GCC_NO_COMMON_BLOCKS = YES;
				GCC_WARN_64_TO_32_BIT_CONVERSION = YES;
				GCC_WARN_ABOUT_RETURN_TYPE = YES_ERROR;
				GCC_WARN_UNDECLARED_SELECTOR = YES;
				GCC_WARN_UNINITIALIZED_AUTOS = YES_AGGRESSIVE;
				GCC_WARN_UNUSED_FUNCTION = YES;
				GCC_WARN_UNUSED_VARIABLE = YES;
				MACOSX_DEPLOYMENT_TARGET = 11.4;
				MTL_ENABLE_DEBUG_INFO = NO;
				MTL_FAST_MATH = YES;
				SDKROOT = macosx;
				SWIFT_COMPILATION_MODE = wholemodule;
				SWIFT_OPTIMIZATION_LEVEL = "-O";
			};
			name = Release;
		};
		99D6914D269D71F7008C1A99 /* Debug */ = {
			isa = XCBuildConfiguration;
			buildSettings = {
				CODE_SIGN_STYLE = Automatic;
				DEVELOPMENT_ASSET_PATHS = "";
				PRODUCT_NAME = "$(TARGET_NAME)";
				SWIFT_VERSION = 5.0;
			};
			name = Debug;
		};
		99D6914E269D71F7008C1A99 /* Release */ = {
			isa = XCBuildConfiguration;
			buildSettings = {
				CODE_SIGN_STYLE = Automatic;
				DEVELOPMENT_ASSET_PATHS = "";
				PRODUCT_NAME = "$(TARGET_NAME)";
				SWIFT_VERSION = 5.0;
			};
			name = Release;
		};
/* End XCBuildConfiguration section */

/* Begin XCConfigurationList section */
		99D69140269D71F7008C1A99 /* Build configuration list for PBXProject "fdir" */ = {
			isa = XCConfigurationList;
			buildConfigurations = (
				99D6914A269D71F7008C1A99 /* Debug */,
				99D6914B269D71F7008C1A99 /* Release */,
			);
			defaultConfigurationIsVisible = 0;
			defaultConfigurationName = Release;
		};
		99D6914C269D71F7008C1A99 /* Build configuration list for PBXNativeTarget "fdir" */ = {
			isa = XCConfigurationList;
			buildConfigurations = (
				99D6914D269D71F7008C1A99 /* Debug */,
				99D6914E269D71F7008C1A99 /* Release */,
			);
			defaultConfigurationIsVisible = 0;
			defaultConfigurationName = Release;
		};
/* End XCConfigurationList section */

/* Begin XCRemoteSwiftPackageReference section */
		99D6914F269D7269008C1A99 /* XCRemoteSwiftPackageReference "Files" */ = {
			isa = XCRemoteSwiftPackageReference;
			repositoryURL = "https://github.com/JohnSundell/Files";
			requirement = {
				kind = upToNextMajorVersion;
				minimumVersion = 4.0.0;
			};
		};
		99D69152269D7277008C1A99 /* XCRemoteSwiftPackageReference "ANSITerminal" */ = {
			isa = XCRemoteSwiftPackageReference;
			repositoryURL = "https://github.com/pakLebah/ANSITerminal";
			requirement = {
				kind = upToNextMajorVersion;
				minimumVersion = 0.0.3;
			};
		};
		99D69155269D7310008C1A99 /* XCRemoteSwiftPackageReference "swift-argument-parser" */ = {
			isa = XCRemoteSwiftPackageReference;
			repositoryURL = "https://github.com/apple/swift-argument-parser.git";
			requirement = {
				kind = upToNextMajorVersion;
				minimumVersion = 0.4.3;
			};
		};
/* End XCRemoteSwiftPackageReference section */

/* Begin XCSwiftPackageProductDependency section */
		99BE7FE126BC2D3300FFE7FC /* DescriptionFile */ = {
			isa = XCSwiftPackageProductDependency;
			productName = DescriptionFile;
		};
		99BE7FE326BC2F5B00FFE7FC /* DescriptionFile */ = {
			isa = XCSwiftPackageProductDependency;
			productName = DescriptionFile;
		};
		99D69150269D7269008C1A99 /* Files */ = {
			isa = XCSwiftPackageProductDependency;
			package = 99D6914F269D7269008C1A99 /* XCRemoteSwiftPackageReference "Files" */;
			productName = Files;
		};
		99D69153269D7277008C1A99 /* ANSITerminal */ = {
			isa = XCSwiftPackageProductDependency;
			package = 99D69152269D7277008C1A99 /* XCRemoteSwiftPackageReference "ANSITerminal" */;
			productName = ANSITerminal;
		};
		99D69156269D7310008C1A99 /* ArgumentParser */ = {
			isa = XCSwiftPackageProductDependency;
			package = 99D69155269D7310008C1A99 /* XCRemoteSwiftPackageReference "swift-argument-parser" */;
			productName = ArgumentParser;
		};
/* End XCSwiftPackageProductDependency section */
	};
	rootObject = 99D6913D269D71F7008C1A99 /* Project object */;
}
